
Microsoft Visual Studio Solution File, Format Version 12.00
# Visual Studio Version 16
VisualStudioVersion = 16.0.29926.136
MinimumVisualStudioVersion = 10.0.40219.1
Project("{FAE04EC0-301F-11D3-BF4B-00C04F79EFBC}") = "NoviSDP2", "NoviSDP2\NoviSDP2.csproj", "{79C4BBA4-A754-4F25-927F-DD4326BA4675}"
EndProject
Global
	GlobalSection(SolutionConfigurationPlatforms) = preSolution
		Debug|Any CPU = Debug|Any CPU
		Release|Any CPU = Release|Any CPU
	EndGlobalSection
	GlobalSection(ProjectConfigurationPlatforms) = postSolution
		{79C4BBA4-A754-4F25-927F-DD4326BA4675}.Debug|Any CPU.ActiveCfg = Debug|Any CPU
		{79C4BBA4-A754-4F25-927F-DD4326BA4675}.Debug|Any CPU.Build.0 = Debug|Any CPU
		{79C4BBA4-A754-4F25-927F-DD4326BA4675}.Release|Any CPU.ActiveCfg = Release|Any CPU
		{79C4BBA4-A754-4F25-927F-DD4326BA4675}.Release|Any CPU.Build.0 = Release|Any CPU
	EndGlobalSection
	GlobalSection(SolutionProperties) = preSolution
		HideSolutionNode = FALSE
	EndGlobalSection
	GlobalSection(ExtensibilityGlobals) = postSolution
		SolutionGuid = {5A718A0A-DD6C-4247-8E1F-E7692E4DF972}
	EndGlobalSection
EndGlobal
